{
  "requires": true,
  "lockfileVersion": 1,
  "dependencies": {
    "uview-ui": {
      "version": "1.7.8",
      "resolved": "https://registry.npmjs.org/uview-ui/-/uview-ui-1.7.8.tgz",
      "integrity": "sha512-9mc3FbpvN7knmmdBmlGv9eF6us16co/bvTPrFEsS8QrSo9AZyrFyET9KHIdESwURP79jv1SLtR01VEb3HGSN8A=="
    }
  }
}
